
Microsoft Visual Studio Solution File, Format Version 12.00
Project("{FAE04EC0-301F-11D3-BF4B-00C04F79EFBC}") = "Arrays", "Arrays\Arrays.csproj", "{457FCCC0-BCE8-43B4-83A6-CA466A1475F1}"
EndProject
Project("{FAE04EC0-301F-11D3-BF4B-00C04F79EFBC}") = "ArrayFunc", "ArrayFunc\ArrayFunc.csproj", "{2B5AC7CA-2DF2-40B5-BB9F-64691740C20F}"
EndProject
Project("{FAE04EC0-301F-11D3-BF4B-00C04F79EFBC}") = "ArrayTest", "ArrayTest\ArrayTest.csproj", "{DCAFC265-4CD3-41FE-A9AB-0390A123D651}"
EndProject
Project("{FAE04EC0-301F-11D3-BF4B-00C04F79EFBC}") = "ArrayTest0", "ArrayTest0\ArrayTest0.csproj", "{40702C22-C497-4537-85C1-3E63DB273825}"
EndProject
Project("{FAE04EC0-301F-11D3-BF4B-00C04F79EFBC}") = "Old", "Old\Old.csproj", "{562C736E-48CF-4478-960A-C6939E1E6A71}"
EndProject
Global
	GlobalSection(SolutionConfigurationPlatforms) = preSolution
		Debug|Any CPU = Debug|Any CPU
		Release|Any CPU = Release|Any CPU
	EndGlobalSection
	GlobalSection(ProjectConfigurationPlatforms) = postSolution
		{457FCCC0-BCE8-43B4-83A6-CA466A1475F1}.Debug|Any CPU.ActiveCfg = Debug|Any CPU
		{457FCCC0-BCE8-43B4-83A6-CA466A1475F1}.Debug|Any CPU.Build.0 = Debug|Any CPU
		{457FCCC0-BCE8-43B4-83A6-CA466A1475F1}.Release|Any CPU.ActiveCfg = Release|Any CPU
		{457FCCC0-BCE8-43B4-83A6-CA466A1475F1}.Release|Any CPU.Build.0 = Release|Any CPU
		{2B5AC7CA-2DF2-40B5-BB9F-64691740C20F}.Debug|Any CPU.ActiveCfg = Debug|Any CPU
		{2B5AC7CA-2DF2-40B5-BB9F-64691740C20F}.Debug|Any CPU.Build.0 = Debug|Any CPU
		{2B5AC7CA-2DF2-40B5-BB9F-64691740C20F}.Release|Any CPU.ActiveCfg = Release|Any CPU
		{2B5AC7CA-2DF2-40B5-BB9F-64691740C20F}.Release|Any CPU.Build.0 = Release|Any CPU
		{DCAFC265-4CD3-41FE-A9AB-0390A123D651}.Debug|Any CPU.ActiveCfg = Debug|Any CPU
		{DCAFC265-4CD3-41FE-A9AB-0390A123D651}.Debug|Any CPU.Build.0 = Debug|Any CPU
		{DCAFC265-4CD3-41FE-A9AB-0390A123D651}.Release|Any CPU.ActiveCfg = Release|Any CPU
		{DCAFC265-4CD3-41FE-A9AB-0390A123D651}.Release|Any CPU.Build.0 = Release|Any CPU
		{40702C22-C497-4537-85C1-3E63DB273825}.Debug|Any CPU.ActiveCfg = Debug|Any CPU
		{40702C22-C497-4537-85C1-3E63DB273825}.Debug|Any CPU.Build.0 = Debug|Any CPU
		{40702C22-C497-4537-85C1-3E63DB273825}.Release|Any CPU.ActiveCfg = Release|Any CPU
		{40702C22-C497-4537-85C1-3E63DB273825}.Release|Any CPU.Build.0 = Release|Any CPU
		{562C736E-48CF-4478-960A-C6939E1E6A71}.Debug|Any CPU.ActiveCfg = Debug|Any CPU
		{562C736E-48CF-4478-960A-C6939E1E6A71}.Debug|Any CPU.Build.0 = Debug|Any CPU
		{562C736E-48CF-4478-960A-C6939E1E6A71}.Release|Any CPU.ActiveCfg = Release|Any CPU
		{562C736E-48CF-4478-960A-C6939E1E6A71}.Release|Any CPU.Build.0 = Release|Any CPU
	EndGlobalSection
EndGlobal
