
Microsoft Visual Studio Solution File, Format Version 12.00
# Visual Studio Version 17
VisualStudioVersion = 17.12.35514.174 d17.12
MinimumVisualStudioVersion = 10.0.40219.1
Project("{FAE04EC0-301F-11D3-BF4B-00C04F79EFBC}") = "Arrays", "Arrays\Arrays.csproj", "{457FCCC0-BCE8-43B4-83A6-CA466A1475F1}"
EndProject
Project("{FAE04EC0-301F-11D3-BF4B-00C04F79EFBC}") = "ArrayFunc", "ArrayFunc\ArrayFunc.csproj", "{2B5AC7CA-2DF2-40B5-BB9F-64691740C20F}"
EndProject
Project("{FAE04EC0-301F-11D3-BF4B-00C04F79EFBC}") = "ArrayTest", "ArrayTest\ArrayTest.csproj", "{DCAFC265-4CD3-41FE-A9AB-0390A123D651}"
EndProject
Project("{FAE04EC0-301F-11D3-BF4B-00C04F79EFBC}") = "ArrayTest0", "ArrayTest0\ArrayTest0.csproj", "{40702C22-C497-4537-85C1-3E63DB273825}"
EndProject
Project("{FAE04EC0-301F-11D3-BF4B-00C04F79EFBC}") = "Old", "Old\Old.csproj", "{562C736E-48CF-4478-960A-C6939E1E6A71}"
EndProject
Project("{FAE04EC0-301F-11D3-BF4B-00C04F79EFBC}") = "DelegateTask1", "DelegateTask1\DelegateTask1.csproj", "{13B99005-33F4-4D1A-9150-FBE84F3193C5}"
EndProject
Project("{FAE04EC0-301F-11D3-BF4B-00C04F79EFBC}") = "DelegateTask2", "DelegateTask2\DelegateTask2.csproj", "{0F6D1AA7-27B5-4C04-9653-6976C4C81B57}"
EndProject
Project("{FAE04EC0-301F-11D3-BF4B-00C04F79EFBC}") = "NongenericArrays", "NongenericArrays\NongenericArrays.csproj", "{7FAD6276-D72F-4B59-9B90-1E565B0B98DA}"
EndProject
Project("{FAE04EC0-301F-11D3-BF4B-00C04F79EFBC}") = "Directory", "Directory\Directory.csproj", "{36C9FC9C-BD3A-45B7-AF49-25FAAEFDB205}"
EndProject
Project("{FAE04EC0-301F-11D3-BF4B-00C04F79EFBC}") = "ExcelManagement", "ExcelManagement\ExcelManagement.csproj", "{4FE61E37-71C7-4053-AAB2-7C77CEBED412}"
EndProject
Project("{FAE04EC0-301F-11D3-BF4B-00C04F79EFBC}") = "Dumper", "Dumper\Dumper.csproj", "{FEF0D714-277E-4D20-BFCA-A545572E291D}"
EndProject
Project("{FAE04EC0-301F-11D3-BF4B-00C04F79EFBC}") = "RefStruct", "RefStruct\RefStruct.csproj", "{7FA0B1CB-CC6A-4C5D-9226-03B42DB6F58F}"
EndProject
Project("{FAE04EC0-301F-11D3-BF4B-00C04F79EFBC}") = "DataTimeUsage", "DataTimeUsage\DataTimeUsage.csproj", "{73421044-60A1-49EE-A9FD-4A576732C117}"
EndProject
Project("{FAE04EC0-301F-11D3-BF4B-00C04F79EFBC}") = "IComparerTest", "IComparerTest\IComparerTest.csproj", "{1CC0DBCE-A7A9-4900-BAE9-5E3B41A62834}"
EndProject
Global
	GlobalSection(SolutionConfigurationPlatforms) = preSolution
		Debug|Any CPU = Debug|Any CPU
		Release|Any CPU = Release|Any CPU
	EndGlobalSection
	GlobalSection(ProjectConfigurationPlatforms) = postSolution
		{457FCCC0-BCE8-43B4-83A6-CA466A1475F1}.Debug|Any CPU.ActiveCfg = Debug|Any CPU
		{457FCCC0-BCE8-43B4-83A6-CA466A1475F1}.Debug|Any CPU.Build.0 = Debug|Any CPU
		{457FCCC0-BCE8-43B4-83A6-CA466A1475F1}.Release|Any CPU.ActiveCfg = Release|Any CPU
		{457FCCC0-BCE8-43B4-83A6-CA466A1475F1}.Release|Any CPU.Build.0 = Release|Any CPU
		{2B5AC7CA-2DF2-40B5-BB9F-64691740C20F}.Debug|Any CPU.ActiveCfg = Debug|Any CPU
		{2B5AC7CA-2DF2-40B5-BB9F-64691740C20F}.Debug|Any CPU.Build.0 = Debug|Any CPU
		{2B5AC7CA-2DF2-40B5-BB9F-64691740C20F}.Release|Any CPU.ActiveCfg = Release|Any CPU
		{2B5AC7CA-2DF2-40B5-BB9F-64691740C20F}.Release|Any CPU.Build.0 = Release|Any CPU
		{DCAFC265-4CD3-41FE-A9AB-0390A123D651}.Debug|Any CPU.ActiveCfg = Debug|Any CPU
		{DCAFC265-4CD3-41FE-A9AB-0390A123D651}.Debug|Any CPU.Build.0 = Debug|Any CPU
		{DCAFC265-4CD3-41FE-A9AB-0390A123D651}.Release|Any CPU.ActiveCfg = Release|Any CPU
		{DCAFC265-4CD3-41FE-A9AB-0390A123D651}.Release|Any CPU.Build.0 = Release|Any CPU
		{40702C22-C497-4537-85C1-3E63DB273825}.Debug|Any CPU.ActiveCfg = Debug|Any CPU
		{40702C22-C497-4537-85C1-3E63DB273825}.Debug|Any CPU.Build.0 = Debug|Any CPU
		{40702C22-C497-4537-85C1-3E63DB273825}.Release|Any CPU.ActiveCfg = Release|Any CPU
		{40702C22-C497-4537-85C1-3E63DB273825}.Release|Any CPU.Build.0 = Release|Any CPU
		{562C736E-48CF-4478-960A-C6939E1E6A71}.Debug|Any CPU.ActiveCfg = Debug|Any CPU
		{562C736E-48CF-4478-960A-C6939E1E6A71}.Debug|Any CPU.Build.0 = Debug|Any CPU
		{562C736E-48CF-4478-960A-C6939E1E6A71}.Release|Any CPU.ActiveCfg = Release|Any CPU
		{562C736E-48CF-4478-960A-C6939E1E6A71}.Release|Any CPU.Build.0 = Release|Any CPU
		{13B99005-33F4-4D1A-9150-FBE84F3193C5}.Debug|Any CPU.ActiveCfg = Debug|Any CPU
		{13B99005-33F4-4D1A-9150-FBE84F3193C5}.Debug|Any CPU.Build.0 = Debug|Any CPU
		{13B99005-33F4-4D1A-9150-FBE84F3193C5}.Release|Any CPU.ActiveCfg = Release|Any CPU
		{13B99005-33F4-4D1A-9150-FBE84F3193C5}.Release|Any CPU.Build.0 = Release|Any CPU
		{0F6D1AA7-27B5-4C04-9653-6976C4C81B57}.Debug|Any CPU.ActiveCfg = Debug|Any CPU
		{0F6D1AA7-27B5-4C04-9653-6976C4C81B57}.Debug|Any CPU.Build.0 = Debug|Any CPU
		{0F6D1AA7-27B5-4C04-9653-6976C4C81B57}.Release|Any CPU.ActiveCfg = Release|Any CPU
		{0F6D1AA7-27B5-4C04-9653-6976C4C81B57}.Release|Any CPU.Build.0 = Release|Any CPU
		{7FAD6276-D72F-4B59-9B90-1E565B0B98DA}.Debug|Any CPU.ActiveCfg = Debug|Any CPU
		{7FAD6276-D72F-4B59-9B90-1E565B0B98DA}.Debug|Any CPU.Build.0 = Debug|Any CPU
		{7FAD6276-D72F-4B59-9B90-1E565B0B98DA}.Release|Any CPU.ActiveCfg = Release|Any CPU
		{7FAD6276-D72F-4B59-9B90-1E565B0B98DA}.Release|Any CPU.Build.0 = Release|Any CPU
		{36C9FC9C-BD3A-45B7-AF49-25FAAEFDB205}.Debug|Any CPU.ActiveCfg = Debug|Any CPU
		{36C9FC9C-BD3A-45B7-AF49-25FAAEFDB205}.Debug|Any CPU.Build.0 = Debug|Any CPU
		{36C9FC9C-BD3A-45B7-AF49-25FAAEFDB205}.Release|Any CPU.ActiveCfg = Release|Any CPU
		{36C9FC9C-BD3A-45B7-AF49-25FAAEFDB205}.Release|Any CPU.Build.0 = Release|Any CPU
		{4FE61E37-71C7-4053-AAB2-7C77CEBED412}.Debug|Any CPU.ActiveCfg = Debug|Any CPU
		{4FE61E37-71C7-4053-AAB2-7C77CEBED412}.Debug|Any CPU.Build.0 = Debug|Any CPU
		{4FE61E37-71C7-4053-AAB2-7C77CEBED412}.Release|Any CPU.ActiveCfg = Release|Any CPU
		{4FE61E37-71C7-4053-AAB2-7C77CEBED412}.Release|Any CPU.Build.0 = Release|Any CPU
		{FEF0D714-277E-4D20-BFCA-A545572E291D}.Debug|Any CPU.ActiveCfg = Debug|Any CPU
		{FEF0D714-277E-4D20-BFCA-A545572E291D}.Debug|Any CPU.Build.0 = Debug|Any CPU
		{FEF0D714-277E-4D20-BFCA-A545572E291D}.Release|Any CPU.ActiveCfg = Release|Any CPU
		{FEF0D714-277E-4D20-BFCA-A545572E291D}.Release|Any CPU.Build.0 = Release|Any CPU
		{7FA0B1CB-CC6A-4C5D-9226-03B42DB6F58F}.Debug|Any CPU.ActiveCfg = Debug|Any CPU
		{7FA0B1CB-CC6A-4C5D-9226-03B42DB6F58F}.Debug|Any CPU.Build.0 = Debug|Any CPU
		{7FA0B1CB-CC6A-4C5D-9226-03B42DB6F58F}.Release|Any CPU.ActiveCfg = Release|Any CPU
		{7FA0B1CB-CC6A-4C5D-9226-03B42DB6F58F}.Release|Any CPU.Build.0 = Release|Any CPU
		{73421044-60A1-49EE-A9FD-4A576732C117}.Debug|Any CPU.ActiveCfg = Debug|Any CPU
		{73421044-60A1-49EE-A9FD-4A576732C117}.Debug|Any CPU.Build.0 = Debug|Any CPU
		{73421044-60A1-49EE-A9FD-4A576732C117}.Release|Any CPU.ActiveCfg = Release|Any CPU
		{73421044-60A1-49EE-A9FD-4A576732C117}.Release|Any CPU.Build.0 = Release|Any CPU
		{1CC0DBCE-A7A9-4900-BAE9-5E3B41A62834}.Debug|Any CPU.ActiveCfg = Debug|Any CPU
		{1CC0DBCE-A7A9-4900-BAE9-5E3B41A62834}.Debug|Any CPU.Build.0 = Debug|Any CPU
		{1CC0DBCE-A7A9-4900-BAE9-5E3B41A62834}.Release|Any CPU.ActiveCfg = Release|Any CPU
		{1CC0DBCE-A7A9-4900-BAE9-5E3B41A62834}.Release|Any CPU.Build.0 = Release|Any CPU
	EndGlobalSection
	GlobalSection(SolutionProperties) = preSolution
		HideSolutionNode = FALSE
	EndGlobalSection
EndGlobal
